
Microsoft Visual Studio Solution File, Format Version 12.00
# Visual Studio Version 17
VisualStudioVersion = 17.4.33205.214
MinimumVisualStudioVersion = 10.0.40219.1
Project("{9A19103F-16F7-4668-BE54-9A1E7A4F7556}") = "FactoryMethod_Creational", "FactoryMethod_Creational\FactoryMethod_Creational.csproj", "{EA1E39B5-FB77-4233-BBC9-B043874FD104}"
EndProject
Project("{FAE04EC0-301F-11D3-BF4B-00C04F79EFBC}") = "Bridge_Structural", "Bridge_Structural\Bridge_Structural.csproj", "{92EC8991-6725-47A6-8883-420DE2E6DE12}"
EndProject
Global
	GlobalSection(SolutionConfigurationPlatforms) = preSolution
		Debug|Any CPU = Debug|Any CPU
		Release|Any CPU = Release|Any CPU
	EndGlobalSection
	GlobalSection(ProjectConfigurationPlatforms) = postSolution
		{EA1E39B5-FB77-4233-BBC9-B043874FD104}.Debug|Any CPU.ActiveCfg = Debug|Any CPU
		{EA1E39B5-FB77-4233-BBC9-B043874FD104}.Debug|Any CPU.Build.0 = Debug|Any CPU
		{EA1E39B5-FB77-4233-BBC9-B043874FD104}.Release|Any CPU.ActiveCfg = Release|Any CPU
		{EA1E39B5-FB77-4233-BBC9-B043874FD104}.Release|Any CPU.Build.0 = Release|Any CPU
		{92EC8991-6725-47A6-8883-420DE2E6DE12}.Debug|Any CPU.ActiveCfg = Debug|Any CPU
		{92EC8991-6725-47A6-8883-420DE2E6DE12}.Debug|Any CPU.Build.0 = Debug|Any CPU
		{92EC8991-6725-47A6-8883-420DE2E6DE12}.Release|Any CPU.ActiveCfg = Release|Any CPU
		{92EC8991-6725-47A6-8883-420DE2E6DE12}.Release|Any CPU.Build.0 = Release|Any CPU
	EndGlobalSection
	GlobalSection(SolutionProperties) = preSolution
		HideSolutionNode = FALSE
	EndGlobalSection
	GlobalSection(ExtensibilityGlobals) = postSolution
		SolutionGuid = {401FED33-8473-4E2B-B0DD-1D077D0F52F9}
	EndGlobalSection
EndGlobal
